// !$*UTF8*$!
{
	archiveVersion = 1;
	classes = {
	};
	objectVersion = 50;
	objects = {

/* Begin PBXBuildFile section */
		550338F92507236200776258 /* CreateEmployee.swift in Sources */ = {isa = PBXBuildFile; fileRef = 550338F82507236200776258 /* CreateEmployee.swift */; };
		550339132507811100776258 /* LettersOnly.swift in Sources */ = {isa = PBXBuildFile; fileRef = 550339122507811100776258 /* LettersOnly.swift */; };
		551B413225089831004E8E4F /* ChangeTotalHours.swift in Sources */ = {isa = PBXBuildFile; fileRef = 551B413125089831004E8E4F /* ChangeTotalHours.swift */; };
		551B413425089971004E8E4F /* NumbersOnly.swift in Sources */ = {isa = PBXBuildFile; fileRef = 551B413325089971004E8E4F /* NumbersOnly.swift */; };
		551B41362508B25E004E8E4F /* ResetAlert.swift in Sources */ = {isa = PBXBuildFile; fileRef = 551B41352508B25E004E8E4F /* ResetAlert.swift */; };
		553F07D42505F41C00062488 /* Clocking_System.xcdatamodeld in Sources */ = {isa = PBXBuildFile; fileRef = 553F07D22505F41C00062488 /* Clocking_System.xcdatamodeld */; };
		553F07DD250619CC00062488 /* CoreDataApi.swift in Sources */ = {isa = PBXBuildFile; fileRef = 553F07DC250619CC00062488 /* CoreDataApi.swift */; };
		553FE41A2500806500101781 /* Time.swift in Sources */ = {isa = PBXBuildFile; fileRef = 553FE4192500806500101781 /* Time.swift */; };
		557CE84324F0EDCF006FDDC6 /* AppDelegate.swift in Sources */ = {isa = PBXBuildFile; fileRef = 557CE84224F0EDCF006FDDC6 /* AppDelegate.swift */; };
		557CE84524F0EDCF006FDDC6 /* SceneDelegate.swift in Sources */ = {isa = PBXBuildFile; fileRef = 557CE84424F0EDCF006FDDC6 /* SceneDelegate.swift */; };
		557CE84724F0EDCF006FDDC6 /* ContentView.swift in Sources */ = {isa = PBXBuildFile; fileRef = 557CE84624F0EDCF006FDDC6 /* ContentView.swift */; };
		557CE84924F0EDD2006FDDC6 /* Assets.xcassets in Resources */ = {isa = PBXBuildFile; fileRef = 557CE84824F0EDD2006FDDC6 /* Assets.xcassets */; };
		557CE84C24F0EDD2006FDDC6 /* Preview Assets.xcassets in Resources */ = {isa = PBXBuildFile; fileRef = 557CE84B24F0EDD2006FDDC6 /* Preview Assets.xcassets */; };
		557CE84F24F0EDD2006FDDC6 /* LaunchScreen.storyboard in Resources */ = {isa = PBXBuildFile; fileRef = 557CE84D24F0EDD2006FDDC6 /* LaunchScreen.storyboard */; };
		557CE85724F0EEC6006FDDC6 /* EmployeeDetailView.swift in Sources */ = {isa = PBXBuildFile; fileRef = 557CE85624F0EEC6006FDDC6 /* EmployeeDetailView.swift */; };
		55A8ABDF25022F35008F2977 /* CustomSearchBar.swift in Sources */ = {isa = PBXBuildFile; fileRef = 55A8ABDE25022F35008F2977 /* CustomSearchBar.swift */; };
		55B9A4E7250C8D81007CF76C /* ChoosePicturePopover.swift in Sources */ = {isa = PBXBuildFile; fileRef = 55B9A4E6250C8D81007CF76C /* ChoosePicturePopover.swift */; };
		55B9A4E9250C9AF6007CF76C /* ImagePicker.swift in Sources */ = {isa = PBXBuildFile; fileRef = 55B9A4E8250C9AF6007CF76C /* ImagePicker.swift */; };
		55B9A4EC250CA3C0007CF76C /* Employee+CoreDataClass.swift in Sources */ = {isa = PBXBuildFile; fileRef = 55B9A4EA250CA3C0007CF76C /* Employee+CoreDataClass.swift */; };
		55B9A4ED250CA3C0007CF76C /* Employee+CoreDataProperties.swift in Sources */ = {isa = PBXBuildFile; fileRef = 55B9A4EB250CA3C0007CF76C /* Employee+CoreDataProperties.swift */; };
		55ED5F4324F19A1100F93F28 /* QGrid.swift in Sources */ = {isa = PBXBuildFile; fileRef = 55ED5F4224F19A1100F93F28 /* QGrid.swift */; };
		55ED5F4524F19BE200F93F28 /* AvatarView.swift in Sources */ = {isa = PBXBuildFile; fileRef = 55ED5F4424F19BE200F93F28 /* AvatarView.swift */; };
/* End PBXBuildFile section */

/* Begin PBXFileReference section */
		550338F82507236200776258 /* CreateEmployee.swift */ = {isa = PBXFileReference; lastKnownFileType = sourcecode.swift; path = CreateEmployee.swift; sourceTree = "<group>"; };
		550339122507811100776258 /* LettersOnly.swift */ = {isa = PBXFileReference; lastKnownFileType = sourcecode.swift; path = LettersOnly.swift; sourceTree = "<group>"; };
		551B413125089831004E8E4F /* ChangeTotalHours.swift */ = {isa = PBXFileReference; lastKnownFileType = sourcecode.swift; path = ChangeTotalHours.swift; sourceTree = "<group>"; };
		551B413325089971004E8E4F /* NumbersOnly.swift */ = {isa = PBXFileReference; lastKnownFileType = sourcecode.swift; path = NumbersOnly.swift; sourceTree = "<group>"; };
		551B41352508B25E004E8E4F /* ResetAlert.swift */ = {isa = PBXFileReference; lastKnownFileType = sourcecode.swift; path = ResetAlert.swift; sourceTree = "<group>"; };
		553F07D32505F41C00062488 /* Clocking_System.xcdatamodel */ = {isa = PBXFileReference; lastKnownFileType = wrapper.xcdatamodel; path = Clocking_System.xcdatamodel; sourceTree = "<group>"; };
		553F07DC250619CC00062488 /* CoreDataApi.swift */ = {isa = PBXFileReference; lastKnownFileType = sourcecode.swift; path = CoreDataApi.swift; sourceTree = "<group>"; };
		553FE4192500806500101781 /* Time.swift */ = {isa = PBXFileReference; lastKnownFileType = sourcecode.swift; path = Time.swift; sourceTree = "<group>"; };
		557CE83F24F0EDCF006FDDC6 /* Clocking System.app */ = {isa = PBXFileReference; explicitFileType = wrapper.application; includeInIndex = 0; path = "Clocking System.app"; sourceTree = BUILT_PRODUCTS_DIR; };
		557CE84224F0EDCF006FDDC6 /* AppDelegate.swift */ = {isa = PBXFileReference; lastKnownFileType = sourcecode.swift; path = AppDelegate.swift; sourceTree = "<group>"; };
		557CE84424F0EDCF006FDDC6 /* SceneDelegate.swift */ = {isa = PBXFileReference; lastKnownFileType = sourcecode.swift; path = SceneDelegate.swift; sourceTree = "<group>"; };
		557CE84624F0EDCF006FDDC6 /* ContentView.swift */ = {isa = PBXFileReference; lastKnownFileType = sourcecode.swift; path = ContentView.swift; sourceTree = "<group>"; usesTabs = 0; };
		557CE84824F0EDD2006FDDC6 /* Assets.xcassets */ = {isa = PBXFileReference; lastKnownFileType = folder.assetcatalog; path = Assets.xcassets; sourceTree = "<group>"; };
		557CE84B24F0EDD2006FDDC6 /* Preview Assets.xcassets */ = {isa = PBXFileReference; lastKnownFileType = folder.assetcatalog; path = "Preview Assets.xcassets"; sourceTree = "<group>"; };
		557CE84E24F0EDD2006FDDC6 /* Base */ = {isa = PBXFileReference; lastKnownFileType = file.storyboard; name = Base; path = Base.lproj/LaunchScreen.storyboard; sourceTree = "<group>"; };
		557CE85024F0EDD2006FDDC6 /* Info.plist */ = {isa = PBXFileReference; lastKnownFileType = text.plist.xml; path = Info.plist; sourceTree = "<group>"; };
		557CE85624F0EEC6006FDDC6 /* EmployeeDetailView.swift */ = {isa = PBXFileReference; lastKnownFileType = sourcecode.swift; path = EmployeeDetailView.swift; sourceTree = "<group>"; };
		55A8ABDE25022F35008F2977 /* CustomSearchBar.swift */ = {isa = PBXFileReference; lastKnownFileType = sourcecode.swift; path = CustomSearchBar.swift; sourceTree = "<group>"; };
		55B9A4E6250C8D81007CF76C /* ChoosePicturePopover.swift */ = {isa = PBXFileReference; lastKnownFileType = sourcecode.swift; path = ChoosePicturePopover.swift; sourceTree = "<group>"; };
		55B9A4E8250C9AF6007CF76C /* ImagePicker.swift */ = {isa = PBXFileReference; lastKnownFileType = sourcecode.swift; path = ImagePicker.swift; sourceTree = "<group>"; };
		55B9A4EA250CA3C0007CF76C /* Employee+CoreDataClass.swift */ = {isa = PBXFileReference; lastKnownFileType = sourcecode.swift; path = "Employee+CoreDataClass.swift"; sourceTree = "<group>"; };
		55B9A4EB250CA3C0007CF76C /* Employee+CoreDataProperties.swift */ = {isa = PBXFileReference; lastKnownFileType = sourcecode.swift; path = "Employee+CoreDataProperties.swift"; sourceTree = "<group>"; };
		55ED5F4224F19A1100F93F28 /* QGrid.swift */ = {isa = PBXFileReference; lastKnownFileType = sourcecode.swift; path = QGrid.swift; sourceTree = "<group>"; };
		55ED5F4424F19BE200F93F28 /* AvatarView.swift */ = {isa = PBXFileReference; lastKnownFileType = sourcecode.swift; path = AvatarView.swift; sourceTree = "<group>"; };
/* End PBXFileReference section */

/* Begin PBXFrameworksBuildPhase section */
		557CE83C24F0EDCF006FDDC6 /* Frameworks */ = {
			isa = PBXFrameworksBuildPhase;
			buildActionMask = 2147483647;
			files = (
			);
			runOnlyForDeploymentPostprocessing = 0;
		};
/* End PBXFrameworksBuildPhase section */

/* Begin PBXGroup section */
		553F07D9250612C700062488 /* Model */ = {
			isa = PBXGroup;
			children = (
				55B9A4EA250CA3C0007CF76C /* Employee+CoreDataClass.swift */,
				55B9A4EB250CA3C0007CF76C /* Employee+CoreDataProperties.swift */,
			);
			path = Model;
			sourceTree = "<group>";
		};
		557CE83624F0EDCF006FDDC6 = {
			isa = PBXGroup;
			children = (
				557CE84124F0EDCF006FDDC6 /* Clocking System */,
				557CE84024F0EDCF006FDDC6 /* Products */,
			);
			sourceTree = "<group>";
		};
		557CE84024F0EDCF006FDDC6 /* Products */ = {
			isa = PBXGroup;
			children = (
				557CE83F24F0EDCF006FDDC6 /* Clocking System.app */,
			);
			name = Products;
			sourceTree = "<group>";
		};
		557CE84124F0EDCF006FDDC6 /* Clocking System */ = {
			isa = PBXGroup;
			children = (
				553F07D9250612C700062488 /* Model */,
				557CE84224F0EDCF006FDDC6 /* AppDelegate.swift */,
				557CE84424F0EDCF006FDDC6 /* SceneDelegate.swift */,
				557CE84624F0EDCF006FDDC6 /* ContentView.swift */,
				55A8ABDE25022F35008F2977 /* CustomSearchBar.swift */,
				557CE85624F0EEC6006FDDC6 /* EmployeeDetailView.swift */,
				550338F82507236200776258 /* CreateEmployee.swift */,
				550339122507811100776258 /* LettersOnly.swift */,
				55B9A4E6250C8D81007CF76C /* ChoosePicturePopover.swift */,
				55B9A4E8250C9AF6007CF76C /* ImagePicker.swift */,
				551B413125089831004E8E4F /* ChangeTotalHours.swift */,
				551B413325089971004E8E4F /* NumbersOnly.swift */,
				553FE4192500806500101781 /* Time.swift */,
				551B41352508B25E004E8E4F /* ResetAlert.swift */,
				55ED5F4224F19A1100F93F28 /* QGrid.swift */,
				553F07DC250619CC00062488 /* CoreDataApi.swift */,
				55ED5F4424F19BE200F93F28 /* AvatarView.swift */,
				557CE84824F0EDD2006FDDC6 /* Assets.xcassets */,
				557CE84D24F0EDD2006FDDC6 /* LaunchScreen.storyboard */,
				557CE85024F0EDD2006FDDC6 /* Info.plist */,
				553F07D22505F41C00062488 /* Clocking_System.xcdatamodeld */,
				557CE84A24F0EDD2006FDDC6 /* Preview Content */,
			);
			path = "Clocking System";
			sourceTree = "<group>";
		};
		557CE84A24F0EDD2006FDDC6 /* Preview Content */ = {
			isa = PBXGroup;
			children = (
				557CE84B24F0EDD2006FDDC6 /* Preview Assets.xcassets */,
			);
			path = "Preview Content";
			sourceTree = "<group>";
		};
/* End PBXGroup section */

/* Begin PBXNativeTarget section */
		557CE83E24F0EDCF006FDDC6 /* Clocking System */ = {
			isa = PBXNativeTarget;
			buildConfigurationList = 557CE85324F0EDD2006FDDC6 /* Build configuration list for PBXNativeTarget "Clocking System" */;
			buildPhases = (
				557CE83B24F0EDCF006FDDC6 /* Sources */,
				557CE83C24F0EDCF006FDDC6 /* Frameworks */,
				557CE83D24F0EDCF006FDDC6 /* Resources */,
			);
			buildRules = (
			);
			dependencies = (
			);
			name = "Clocking System";
			productName = "Clocking System";
			productReference = 557CE83F24F0EDCF006FDDC6 /* Clocking System.app */;
			productType = "com.apple.product-type.application";
		};
/* End PBXNativeTarget section */

/* Begin PBXProject section */
		557CE83724F0EDCF006FDDC6 /* Project object */ = {
			isa = PBXProject;
			attributes = {
				LastSwiftUpdateCheck = 1160;
				LastUpgradeCheck = 1160;
				ORGANIZATIONNAME = "King Wah Restaurant & Lounge";
				TargetAttributes = {
					557CE83E24F0EDCF006FDDC6 = {
						CreatedOnToolsVersion = 11.6;
					};
				};
			};
			buildConfigurationList = 557CE83A24F0EDCF006FDDC6 /* Build configuration list for PBXProject "Clocking System" */;
			compatibilityVersion = "Xcode 9.3";
			developmentRegion = en;
			hasScannedForEncodings = 0;
			knownRegions = (
				en,
				Base,
			);
			mainGroup = 557CE83624F0EDCF006FDDC6;
			productRefGroup = 557CE84024F0EDCF006FDDC6 /* Products */;
			projectDirPath = "";
			projectRoot = "";
			targets = (
				557CE83E24F0EDCF006FDDC6 /* Clocking System */,
			);
		};
/* End PBXProject section */

/* Begin PBXResourcesBuildPhase section */
		557CE83D24F0EDCF006FDDC6 /* Resources */ = {
			isa = PBXResourcesBuildPhase;
			buildActionMask = 2147483647;
			files = (
				557CE84F24F0EDD2006FDDC6 /* LaunchScreen.storyboard in Resources */,
				557CE84C24F0EDD2006FDDC6 /* Preview Assets.xcassets in Resources */,
				557CE84924F0EDD2006FDDC6 /* Assets.xcassets in Resources */,
			);
			runOnlyForDeploymentPostprocessing = 0;
		};
/* End PBXResourcesBuildPhase section */

/* Begin PBXSourcesBuildPhase section */
		557CE83B24F0EDCF006FDDC6 /* Sources */ = {
			isa = PBXSourcesBuildPhase;
			buildActionMask = 2147483647;
			files = (
				557CE84324F0EDCF006FDDC6 /* AppDelegate.swift in Sources */,
				55ED5F4524F19BE200F93F28 /* AvatarView.swift in Sources */,
				55ED5F4324F19A1100F93F28 /* QGrid.swift in Sources */,
				55B9A4E7250C8D81007CF76C /* ChoosePicturePopover.swift in Sources */,
				551B41362508B25E004E8E4F /* ResetAlert.swift in Sources */,
				557CE85724F0EEC6006FDDC6 /* EmployeeDetailView.swift in Sources */,
				553F07D42505F41C00062488 /* Clocking_System.xcdatamodeld in Sources */,
				55A8ABDF25022F35008F2977 /* CustomSearchBar.swift in Sources */,
				55B9A4EC250CA3C0007CF76C /* Employee+CoreDataClass.swift in Sources */,
				55B9A4ED250CA3C0007CF76C /* Employee+CoreDataProperties.swift in Sources */,
				553F07DD250619CC00062488 /* CoreDataApi.swift in Sources */,
				557CE84524F0EDCF006FDDC6 /* SceneDelegate.swift in Sources */,
				551B413425089971004E8E4F /* NumbersOnly.swift in Sources */,
				550339132507811100776258 /* LettersOnly.swift in Sources */,
				553FE41A2500806500101781 /* Time.swift in Sources */,
				551B413225089831004E8E4F /* ChangeTotalHours.swift in Sources */,
				550338F92507236200776258 /* CreateEmployee.swift in Sources */,
				55B9A4E9250C9AF6007CF76C /* ImagePicker.swift in Sources */,
				557CE84724F0EDCF006FDDC6 /* ContentView.swift in Sources */,
			);
			runOnlyForDeploymentPostprocessing = 0;
		};
/* End PBXSourcesBuildPhase section */

/* Begin PBXVariantGroup section */
		557CE84D24F0EDD2006FDDC6 /* LaunchScreen.storyboard */ = {
			isa = PBXVariantGroup;
			children = (
				557CE84E24F0EDD2006FDDC6 /* Base */,
			);
			name = LaunchScreen.storyboard;
			sourceTree = "<group>";
		};
/* End PBXVariantGroup section */

/* Begin XCBuildConfiguration section */
		557CE85124F0EDD2006FDDC6 /* Debug */ = {
			isa = XCBuildConfiguration;
			buildSettings = {
				ALWAYS_SEARCH_USER_PATHS = NO;
				CLANG_ANALYZER_NONNULL = YES;
				CLANG_ANALYZER_NUMBER_OBJECT_CONVERSION = YES_AGGRESSIVE;
				CLANG_CXX_LANGUAGE_STANDARD = "gnu++14";
				CLANG_CXX_LIBRARY = "libc++";
				CLANG_ENABLE_MODULES = YES;
				CLANG_ENABLE_OBJC_ARC = YES;
				CLANG_ENABLE_OBJC_WEAK = YES;
				CLANG_WARN_BLOCK_CAPTURE_AUTORELEASING = YES;
				CLANG_WARN_BOOL_CONVERSION = YES;
				CLANG_WARN_COMMA = YES;
				CLANG_WARN_CONSTANT_CONVERSION = YES;
				CLANG_WARN_DEPRECATED_OBJC_IMPLEMENTATIONS = YES;
				CLANG_WARN_DIRECT_OBJC_ISA_USAGE = YES_ERROR;
				CLANG_WARN_DOCUMENTATION_COMMENTS = YES;
				CLANG_WARN_EMPTY_BODY = YES;
				CLANG_WARN_ENUM_CONVERSION = YES;
				CLANG_WARN_INFINITE_RECURSION = YES;
				CLANG_WARN_INT_CONVERSION = YES;
				CLANG_WARN_NON_LITERAL_NULL_CONVERSION = YES;
				CLANG_WARN_OBJC_IMPLICIT_RETAIN_SELF = YES;
				CLANG_WARN_OBJC_LITERAL_CONVERSION = YES;
				CLANG_WARN_OBJC_ROOT_CLASS = YES_ERROR;
				CLANG_WARN_RANGE_LOOP_ANALYSIS = YES;
				CLANG_WARN_STRICT_PROTOTYPES = YES;
				CLANG_WARN_SUSPICIOUS_MOVE = YES;
				CLANG_WARN_UNGUARDED_AVAILABILITY = YES_AGGRESSIVE;
				CLANG_WARN_UNREACHABLE_CODE = YES;
				CLANG_WARN__DUPLICATE_METHOD_MATCH = YES;
				COPY_PHASE_STRIP = NO;
				DEBUG_INFORMATION_FORMAT = dwarf;
				ENABLE_STRICT_OBJC_MSGSEND = YES;
				ENABLE_TESTABILITY = YES;
				GCC_C_LANGUAGE_STANDARD = gnu11;
				GCC_DYNAMIC_NO_PIC = NO;
				GCC_NO_COMMON_BLOCKS = YES;
				GCC_OPTIMIZATION_LEVEL = 0;
				GCC_PREPROCESSOR_DEFINITIONS = (
					"DEBUG=1",
					"$(inherited)",
				);
				GCC_WARN_64_TO_32_BIT_CONVERSION = YES;
				GCC_WARN_ABOUT_RETURN_TYPE = YES_ERROR;
				GCC_WARN_UNDECLARED_SELECTOR = YES;
				GCC_WARN_UNINITIALIZED_AUTOS = YES_AGGRESSIVE;
				GCC_WARN_UNUSED_FUNCTION = YES;
				GCC_WARN_UNUSED_VARIABLE = YES;
				IPHONEOS_DEPLOYMENT_TARGET = 13.6;
				MTL_ENABLE_DEBUG_INFO = INCLUDE_SOURCE;
				MTL_FAST_MATH = YES;
				ONLY_ACTIVE_ARCH = YES;
				SDKROOT = iphoneos;
				SWIFT_ACTIVE_COMPILATION_CONDITIONS = DEBUG;
				SWIFT_OPTIMIZATION_LEVEL = "-Onone";
			};
			name = Debug;
		};
		557CE85224F0EDD2006FDDC6 /* Release */ = {
			isa = XCBuildConfiguration;
			buildSettings = {
				ALWAYS_SEARCH_USER_PATHS = NO;
				CLANG_ANALYZER_NONNULL = YES;
				CLANG_ANALYZER_NUMBER_OBJECT_CONVERSION = YES_AGGRESSIVE;
				CLANG_CXX_LANGUAGE_STANDARD = "gnu++14";
				CLANG_CXX_LIBRARY = "libc++";
				CLANG_ENABLE_MODULES = YES;
				CLANG_ENABLE_OBJC_ARC = YES;
				CLANG_ENABLE_OBJC_WEAK = YES;
				CLANG_WARN_BLOCK_CAPTURE_AUTORELEASING = YES;
				CLANG_WARN_BOOL_CONVERSION = YES;
				CLANG_WARN_COMMA = YES;
				CLANG_WARN_CONSTANT_CONVERSION = YES;
				CLANG_WARN_DEPRECATED_OBJC_IMPLEMENTATIONS = YES;
				CLANG_WARN_DIRECT_OBJC_ISA_USAGE = YES_ERROR;
				CLANG_WARN_DOCUMENTATION_COMMENTS = YES;
				CLANG_WARN_EMPTY_BODY = YES;
				CLANG_WARN_ENUM_CONVERSION = YES;
				CLANG_WARN_INFINITE_RECURSION = YES;
				CLANG_WARN_INT_CONVERSION = YES;
				CLANG_WARN_NON_LITERAL_NULL_CONVERSION = YES;
				CLANG_WARN_OBJC_IMPLICIT_RETAIN_SELF = YES;
				CLANG_WARN_OBJC_LITERAL_CONVERSION = YES;
				CLANG_WARN_OBJC_ROOT_CLASS = YES_ERROR;
				CLANG_WARN_RANGE_LOOP_ANALYSIS = YES;
				CLANG_WARN_STRICT_PROTOTYPES = YES;
				CLANG_WARN_SUSPICIOUS_MOVE = YES;
				CLANG_WARN_UNGUARDED_AVAILABILITY = YES_AGGRESSIVE;
				CLANG_WARN_UNREACHABLE_CODE = YES;
				CLANG_WARN__DUPLICATE_METHOD_MATCH = YES;
				COPY_PHASE_STRIP = NO;
				DEBUG_INFORMATION_FORMAT = "dwarf-with-dsym";
				ENABLE_NS_ASSERTIONS = NO;
				ENABLE_STRICT_OBJC_MSGSEND = YES;
				GCC_C_LANGUAGE_STANDARD = gnu11;
				GCC_NO_COMMON_BLOCKS = YES;
				GCC_WARN_64_TO_32_BIT_CONVERSION = YES;
				GCC_WARN_ABOUT_RETURN_TYPE = YES_ERROR;
				GCC_WARN_UNDECLARED_SELECTOR = YES;
				GCC_WARN_UNINITIALIZED_AUTOS = YES_AGGRESSIVE;
				GCC_WARN_UNUSED_FUNCTION = YES;
				GCC_WARN_UNUSED_VARIABLE = YES;
				IPHONEOS_DEPLOYMENT_TARGET = 13.6;
				MTL_ENABLE_DEBUG_INFO = NO;
				MTL_FAST_MATH = YES;
				SDKROOT = iphoneos;
				SWIFT_COMPILATION_MODE = wholemodule;
				SWIFT_OPTIMIZATION_LEVEL = "-O";
				VALIDATE_PRODUCT = YES;
			};
			name = Release;
		};
		557CE85424F0EDD2006FDDC6 /* Debug */ = {
			isa = XCBuildConfiguration;
			buildSettings = {
				ASSETCATALOG_COMPILER_APPICON_NAME = AppIcon;
				CODE_SIGN_STYLE = Automatic;
				DEVELOPMENT_ASSET_PATHS = "\"Clocking System/Preview Content\"";
				DEVELOPMENT_TEAM = XWYZ5WNHJK;
				ENABLE_PREVIEWS = YES;
				INFOPLIST_FILE = "Clocking System/Info.plist";
				LD_RUNPATH_SEARCH_PATHS = (
					"$(inherited)",
					"@executable_path/Frameworks",
				);
				PRODUCT_BUNDLE_IDENTIFIER = "com.kingwahrestaurant.Clocking-System";
				PRODUCT_NAME = "$(TARGET_NAME)";
				SWIFT_VERSION = 5.0;
				TARGETED_DEVICE_FAMILY = 2;
			};
			name = Debug;
		};
		557CE85524F0EDD2006FDDC6 /* Release */ = {
			isa = XCBuildConfiguration;
			buildSettings = {
				ASSETCATALOG_COMPILER_APPICON_NAME = AppIcon;
				CODE_SIGN_STYLE = Automatic;
				DEVELOPMENT_ASSET_PATHS = "\"Clocking System/Preview Content\"";
				DEVELOPMENT_TEAM = XWYZ5WNHJK;
				ENABLE_PREVIEWS = YES;
				INFOPLIST_FILE = "Clocking System/Info.plist";
				LD_RUNPATH_SEARCH_PATHS = (
					"$(inherited)",
					"@executable_path/Frameworks",
				);
				PRODUCT_BUNDLE_IDENTIFIER = "com.kingwahrestaurant.Clocking-System";
				PRODUCT_NAME = "$(TARGET_NAME)";
				SWIFT_VERSION = 5.0;
				TARGETED_DEVICE_FAMILY = 2;
			};
			name = Release;
		};
/* End XCBuildConfiguration section */

/* Begin XCConfigurationList section */
		557CE83A24F0EDCF006FDDC6 /* Build configuration list for PBXProject "Clocking System" */ = {
			isa = XCConfigurationList;
			buildConfigurations = (
				557CE85124F0EDD2006FDDC6 /* Debug */,
				557CE85224F0EDD2006FDDC6 /* Release */,
			);
			defaultConfigurationIsVisible = 0;
			defaultConfigurationName = Release;
		};
		557CE85324F0EDD2006FDDC6 /* Build configuration list for PBXNativeTarget "Clocking System" */ = {
			isa = XCConfigurationList;
			buildConfigurations = (
				557CE85424F0EDD2006FDDC6 /* Debug */,
				557CE85524F0EDD2006FDDC6 /* Release */,
			);
			defaultConfigurationIsVisible = 0;
			defaultConfigurationName = Release;
		};
/* End XCConfigurationList section */

/* Begin XCVersionGroup section */
		553F07D22505F41C00062488 /* Clocking_System.xcdatamodeld */ = {
			isa = XCVersionGroup;
			children = (
				553F07D32505F41C00062488 /* Clocking_System.xcdatamodel */,
			);
			currentVersion = 553F07D32505F41C00062488 /* Clocking_System.xcdatamodel */;
			path = Clocking_System.xcdatamodeld;
			sourceTree = "<group>";
			versionGroupType = wrapper.xcdatamodel;
		};
/* End XCVersionGroup section */
	};
	rootObject = 557CE83724F0EDCF006FDDC6 /* Project object */;
}
